
Microsoft Visual Studio Solution File, Format Version 12.00
# Visual Studio Version 17
VisualStudioVersion = 17.3.32819.101
MinimumVisualStudioVersion = 10.0.40219.1
Project("{FAE04EC0-301F-11D3-BF4B-00C04F79EFBC}") = "IS_Dynamic_Image_Processing", "IS_Dynamic_Image_Processing\IS_Dynamic_Image_Processing.csproj", "{8A8B3C43-4F5A-4DE2-9C4A-F678A0C95167}"
EndProject
Global
	GlobalSection(SolutionConfigurationPlatforms) = preSolution
		Debug|Any CPU = Debug|Any CPU
		Release|Any CPU = Release|Any CPU
	EndGlobalSection
	GlobalSection(ProjectConfigurationPlatforms) = postSolution
		{8A8B3C43-4F5A-4DE2-9C4A-F678A0C95167}.Debug|Any CPU.ActiveCfg = Debug|Any CPU
		{8A8B3C43-4F5A-4DE2-9C4A-F678A0C95167}.Debug|Any CPU.Build.0 = Debug|Any CPU
		{8A8B3C43-4F5A-4DE2-9C4A-F678A0C95167}.Release|Any CPU.ActiveCfg = Release|Any CPU
		{8A8B3C43-4F5A-4DE2-9C4A-F678A0C95167}.Release|Any CPU.Build.0 = Release|Any CPU
	EndGlobalSection
	GlobalSection(SolutionProperties) = preSolution
		HideSolutionNode = FALSE
	EndGlobalSection
	GlobalSection(ExtensibilityGlobals) = postSolution
		SolutionGuid = {EA678156-36CF-44F5-9AD6-0A9FC423B77B}
	EndGlobalSection
EndGlobal
